{
  "name": "Simpplr-GenSpark-Training",
  "lockfileVersion": 3,
  "requires": true,
  "packages": {
    "": {
      "dependencies": {
        "@arin-paliwal/component-library-storybook": "^1.0.6"
      }
    },
    "node_modules/@arin-paliwal/component-library-storybook": {
      "version": "1.0.6",
      "resolved": "https://npm.pkg.github.com/download/@arin-paliwal/component-library-storybook/1.0.6/2f956a2a7a519d1098ba4389f7dd2a0654a7759e",
      "integrity": "sha512-vBMvdWU1Kbki/A4F1/hii55AbxLUQhSilVYzwzIXpa2YGTBHUhIsvcNV/V14KmnmLoK6JSg/nQBj0/0YLaLZTg==",
      "license": "MIT"
    }
  }
}
